{
  "version": 4,
  "terraform_version": "1.5.5",
  "serial": 7,
  "lineage": "586a2b2b-0b73-602a-d371-60763cff7aa9",
  "outputs": {},
  "resources": [
    {
      "mode": "managed",
      "type": "idcloudhost_floating_ip",
      "name": "appserver",
      "provider": "provider[\"registry.terraform.io/bapung/idcloudhost\"]",
      "instances": [
        {
          "schema_version": 0,
          "attributes": {
            "address": "103.23.199.53",
            "assigned_to": "e67df82b-eff6-4719-9405-02d965f6e901",
            "billing_account_id": 31344,
            "created_at": "2023-08-15 12:17:56",
            "enabled": true,
            "id": "103.23.199.53",
            "name": "appserverIP",
            "network_id": "",
            "timeouts": null,
            "type": "public",
            "updated_at": "2023-08-15 12:17:57",
            "user_id": 31344
          },
          "sensitive_attributes": [],
          "private": "eyJlMmJmYjczMC1lY2FhLTExZTYtOGY4OC0zNDM2M2JjN2M0YzAiOnsiY3JlYXRlIjozMDAwMDAwMDAwMDB9fQ==",
          "dependencies": [
            "idcloudhost_vm.appserver"
          ]
        }
      ]
    },
    {
      "mode": "managed",
      "type": "idcloudhost_floating_ip",
      "name": "ipgateway",
      "provider": "provider[\"registry.terraform.io/bapung/idcloudhost\"]",
      "instances": [
        {
          "schema_version": 0,
          "attributes": {
            "address": "103.23.199.89",
            "assigned_to": "6593ee22-bff7-4bf1-abbb-c046d3d228f2",
            "billing_account_id": 31344,
            "created_at": "2023-08-15 12:18:06",
            "enabled": true,
            "id": "103.23.199.89",
            "name": "gatewayIP",
            "network_id": "",
            "timeouts": null,
            "type": "public",
            "updated_at": "2023-08-15 12:18:07",
            "user_id": 31344
          },
          "sensitive_attributes": [],
          "private": "eyJlMmJmYjczMC1lY2FhLTExZTYtOGY4OC0zNDM2M2JjN2M0YzAiOnsiY3JlYXRlIjozMDAwMDAwMDAwMDB9fQ==",
          "dependencies": [
            "idcloudhost_vm.gateway"
          ]
        }
      ]
    },
    {
      "mode": "managed",
      "type": "idcloudhost_floating_ip",
      "name": "ipmonitoring",
      "provider": "provider[\"registry.terraform.io/bapung/idcloudhost\"]",
      "instances": [
        {
          "schema_version": 0,
          "attributes": {
            "address": "103.23.199.63",
            "assigned_to": "0d4d3968-84d0-4d20-a0f8-e1a9eca4395c",
            "billing_account_id": 31344,
            "created_at": "2023-08-15 12:18:02",
            "enabled": true,
            "id": "103.23.199.63",
            "name": "monitoringIP",
            "network_id": "",
            "timeouts": null,
            "type": "public",
            "updated_at": "2023-08-15 12:18:06",
            "user_id": 31344
          },
          "sensitive_attributes": [],
          "private": "eyJlMmJmYjczMC1lY2FhLTExZTYtOGY4OC0zNDM2M2JjN2M0YzAiOnsiY3JlYXRlIjozMDAwMDAwMDAwMDB9fQ==",
          "dependencies": [
            "idcloudhost_vm.monitoring"
          ]
        }
      ]
    },
    {
      "mode": "managed",
      "type": "idcloudhost_vm",
      "name": "appserver",
      "provider": "provider[\"registry.terraform.io/bapung/idcloudhost\"]",
      "instances": [
        {
          "schema_version": 0,
          "attributes": {
            "backup": false,
            "billing_account_id": 1200157626,
            "created_at": "2023-08-15 12:16:30",
            "description": "",
            "disks": 20,
            "hostname": "salman-appserver",
            "hypervisor_id": "",
            "id": "e67df82b-eff6-4719-9405-02d965f6e901",
            "initial_password": "Katasandi1",
            "mac": "52:54:00:c3:e7:85",
            "memory": 2048,
            "name": "salman-appserver",
            "os_name": "ubuntu",
            "os_version": "20.04",
            "private_ipv4": "10.71.15.150",
            "public_key": "ssh-rsa AAAAB3NzaC1yc2EAAAADAQABAAABgQDMY1bm0RTQDwE8zNusvj/VlBP8oZm7TT2Cr43cKGr1q4+5mkyq1EJS3udM7YfwHg+bLfC6yZmyrh1tLMCmiNFpFDTtkcg/rcvtyc1RM0v5XF8Ldy09o+5TvyfZ3ROVl0uhfY35BucHLekjjZjjty+HVXtOgvuhJhSaASs7mMqAfVkkJ//ud57CuoiH+1SckQo/aj7gma7MnLxu0wwcLkqx0GH67XFz1aRsmLpuikhoPXWuTCDtgGnIfYcHNC4W6CPGHd+Ov9jPXnuZiiCC1uG0M/weT0wVK1Snrcs7Gq0Ekles34bXcbrHu8/jhVWx5773kMtkekIg6g6CU/S1fyVTGVSuW+rs5WLkrT/tcH8Aqb9C1kjC7e9S+w0y9ZO60wlWSWH9oAGkqEJxcP9Xt0lagkmIkhuXl12wwLCuWcSu09Jaww86p19LqhBa5rSmF1LWz5l9e7L5qXL/9ClX5SeNxXpmFy4UJdZAqVW6PNoL5LhCw2AwJWNfw6o9Y51N81M= sallf@windows_salman",
            "source_replica": null,
            "source_uuid": null,
            "status": "running",
            "storage": [
              {
                "created_at": "2023-08-15 12:16:32",
                "id": 0,
                "name": "vda",
                "pool": "n/a",
                "primary": true,
                "replica": [],
                "shared": false,
                "size": 20,
                "type": "n/a",
                "updated_at": "",
                "user_id": 31344,
                "uuid": "7a0968f0-c723-4d9d-8608-41e7b5a9a6be"
              }
            ],
            "tags": [],
            "timeouts": null,
            "updated_at": "2023-08-15 12:17:53",
            "user_id": 31344,
            "username": "sallfarr",
            "uuid": "e67df82b-eff6-4719-9405-02d965f6e901",
            "vcpu": 2
          },
          "sensitive_attributes": [],
          "private": "eyJlMmJmYjczMC1lY2FhLTExZTYtOGY4OC0zNDM2M2JjN2M0YzAiOnsiY3JlYXRlIjozMDAwMDAwMDAwMDB9fQ=="
        }
      ]
    },
    {
      "mode": "managed",
      "type": "idcloudhost_vm",
      "name": "gateway",
      "provider": "provider[\"registry.terraform.io/bapung/idcloudhost\"]",
      "instances": [
        {
          "schema_version": 0,
          "attributes": {
            "backup": false,
            "billing_account_id": 1200157626,
            "created_at": "2023-08-15 12:16:30",
            "description": "",
            "disks": 20,
            "hostname": "salman-gateway",
            "hypervisor_id": "",
            "id": "6593ee22-bff7-4bf1-abbb-c046d3d228f2",
            "initial_password": "Katasandi1",
            "mac": "52:54:00:5c:d5:da",
            "memory": 2048,
            "name": "salman-gateway",
            "os_name": "ubuntu",
            "os_version": "20.04",
            "private_ipv4": "10.71.15.26",
            "public_key": "ssh-rsa AAAAB3NzaC1yc2EAAAADAQABAAABgQDMY1bm0RTQDwE8zNusvj/VlBP8oZm7TT2Cr43cKGr1q4+5mkyq1EJS3udM7YfwHg+bLfC6yZmyrh1tLMCmiNFpFDTtkcg/rcvtyc1RM0v5XF8Ldy09o+5TvyfZ3ROVl0uhfY35BucHLekjjZjjty+HVXtOgvuhJhSaASs7mMqAfVkkJ//ud57CuoiH+1SckQo/aj7gma7MnLxu0wwcLkqx0GH67XFz1aRsmLpuikhoPXWuTCDtgGnIfYcHNC4W6CPGHd+Ov9jPXnuZiiCC1uG0M/weT0wVK1Snrcs7Gq0Ekles34bXcbrHu8/jhVWx5773kMtkekIg6g6CU/S1fyVTGVSuW+rs5WLkrT/tcH8Aqb9C1kjC7e9S+w0y9ZO60wlWSWH9oAGkqEJxcP9Xt0lagkmIkhuXl12wwLCuWcSu09Jaww86p19LqhBa5rSmF1LWz5l9e7L5qXL/9ClX5SeNxXpmFy4UJdZAqVW6PNoL5LhCw2AwJWNfw6o9Y51N81M= sallf@windows_salman",
            "source_replica": null,
            "source_uuid": null,
            "status": "running",
            "storage": [
              {
                "created_at": "2023-08-15 12:16:32",
                "id": 0,
                "name": "vda",
                "pool": "n/a",
                "primary": true,
                "replica": [],
                "shared": false,
                "size": 20,
                "type": "n/a",
                "updated_at": "",
                "user_id": 31344,
                "uuid": "5d5af606-a5a5-483b-a875-025f6972284d"
              }
            ],
            "tags": [],
            "timeouts": null,
            "updated_at": "2023-08-15 12:17:59",
            "user_id": 31344,
            "username": "sallfarr",
            "uuid": "6593ee22-bff7-4bf1-abbb-c046d3d228f2",
            "vcpu": 2
          },
          "sensitive_attributes": [],
          "private": "eyJlMmJmYjczMC1lY2FhLTExZTYtOGY4OC0zNDM2M2JjN2M0YzAiOnsiY3JlYXRlIjozMDAwMDAwMDAwMDB9fQ=="
        }
      ]
    },
    {
      "mode": "managed",
      "type": "idcloudhost_vm",
      "name": "monitoring",
      "provider": "provider[\"registry.terraform.io/bapung/idcloudhost\"]",
      "instances": [
        {
          "schema_version": 0,
          "attributes": {
            "backup": false,
            "billing_account_id": 1200157626,
            "created_at": "2023-08-15 12:16:30",
            "description": "",
            "disks": 20,
            "hostname": "salman-monitoring",
            "hypervisor_id": "",
            "id": "0d4d3968-84d0-4d20-a0f8-e1a9eca4395c",
            "initial_password": "Katasandi1",
            "mac": "52:54:00:0e:c4:bd",
            "memory": 1024,
            "name": "salman-monitoring",
            "os_name": "ubuntu",
            "os_version": "20.04",
            "private_ipv4": "10.71.15.218",
            "public_key": "ssh-rsa AAAAB3NzaC1yc2EAAAADAQABAAABgQDMY1bm0RTQDwE8zNusvj/VlBP8oZm7TT2Cr43cKGr1q4+5mkyq1EJS3udM7YfwHg+bLfC6yZmyrh1tLMCmiNFpFDTtkcg/rcvtyc1RM0v5XF8Ldy09o+5TvyfZ3ROVl0uhfY35BucHLekjjZjjty+HVXtOgvuhJhSaASs7mMqAfVkkJ//ud57CuoiH+1SckQo/aj7gma7MnLxu0wwcLkqx0GH67XFz1aRsmLpuikhoPXWuTCDtgGnIfYcHNC4W6CPGHd+Ov9jPXnuZiiCC1uG0M/weT0wVK1Snrcs7Gq0Ekles34bXcbrHu8/jhVWx5773kMtkekIg6g6CU/S1fyVTGVSuW+rs5WLkrT/tcH8Aqb9C1kjC7e9S+w0y9ZO60wlWSWH9oAGkqEJxcP9Xt0lagkmIkhuXl12wwLCuWcSu09Jaww86p19LqhBa5rSmF1LWz5l9e7L5qXL/9ClX5SeNxXpmFy4UJdZAqVW6PNoL5LhCw2AwJWNfw6o9Y51N81M= sallf@windows_salman",
            "source_replica": null,
            "source_uuid": null,
            "status": "running",
            "storage": [
              {
                "created_at": "2023-08-15 12:16:32",
                "id": 0,
                "name": "vda",
                "pool": "n/a",
                "primary": true,
                "replica": [],
                "shared": false,
                "size": 20,
                "type": "n/a",
                "updated_at": "",
                "user_id": 31344,
                "uuid": "768530d6-89a2-4eb7-b9dd-06af2f40b62d"
              }
            ],
            "tags": [],
            "timeouts": null,
            "updated_at": "2023-08-15 12:17:58",
            "user_id": 31344,
            "username": "sallfarr",
            "uuid": "0d4d3968-84d0-4d20-a0f8-e1a9eca4395c",
            "vcpu": 2
          },
          "sensitive_attributes": [],
          "private": "eyJlMmJmYjczMC1lY2FhLTExZTYtOGY4OC0zNDM2M2JjN2M0YzAiOnsiY3JlYXRlIjozMDAwMDAwMDAwMDB9fQ=="
        }
      ]
    }
  ],
  "check_results": null
}
